
Microsoft Visual Studio Solution File, Format Version 12.00
# Visual Studio Version 16
VisualStudioVersion = 16.0.31205.134
MinimumVisualStudioVersion = 10.0.40219.1
Project("{FAE04EC0-301F-11D3-BF4B-00C04F79EFBC}") = "EntityFramework", "EntityFramework\EntityFramework.csproj", "{31196645-836F-47E3-9594-7A651CDD2820}"
EndProject
Global
	GlobalSection(SolutionConfigurationPlatforms) = preSolution
		Debug|Any CPU = Debug|Any CPU
		Release|Any CPU = Release|Any CPU
	EndGlobalSection
	GlobalSection(ProjectConfigurationPlatforms) = postSolution
		{31196645-836F-47E3-9594-7A651CDD2820}.Debug|Any CPU.ActiveCfg = Debug|Any CPU
		{31196645-836F-47E3-9594-7A651CDD2820}.Debug|Any CPU.Build.0 = Debug|Any CPU
		{31196645-836F-47E3-9594-7A651CDD2820}.Release|Any CPU.ActiveCfg = Release|Any CPU
		{31196645-836F-47E3-9594-7A651CDD2820}.Release|Any CPU.Build.0 = Release|Any CPU
	EndGlobalSection
	GlobalSection(SolutionProperties) = preSolution
		HideSolutionNode = FALSE
	EndGlobalSection
	GlobalSection(ExtensibilityGlobals) = postSolution
		SolutionGuid = {569DFFEE-18D5-4761-8534-9FE469CCACC0}
	EndGlobalSection
EndGlobal
